
Microsoft Visual Studio Solution File, Format Version 12.00
# Visual Studio Version 17
VisualStudioVersion = 17.11.35312.102
MinimumVisualStudioVersion = 10.0.40219.1
Project("{9A19103F-16F7-4668-BE54-9A1E7A4F7556}") = "FluentAr", "FluentAr.csproj", "{3A32EFBB-90E5-4B35-86C6-47F92A1FE5A5}"
EndProject
Project("{9A19103F-16F7-4668-BE54-9A1E7A4F7556}") = "ArLib", "..\ArLib\ArLib.csproj", "{95FBD28C-FF8A-4874-BA68-E202BB18C806}"
EndProject
Project("{9A19103F-16F7-4668-BE54-9A1E7A4F7556}") = "RazorComponents", "..\RazorComponents\RazorComponents.csproj", "{7588FDFE-7610-4159-96BD-6B24F585E2B2}"
EndProject
Project("{9A19103F-16F7-4668-BE54-9A1E7A4F7556}") = "DataBagDll", "..\DataBagDll\DataBagDll.csproj", "{3A5E48C4-AC7D-4F00-9388-D76760D7529C}"
EndProject
Project("{9A19103F-16F7-4668-BE54-9A1E7A4F7556}") = "EntityClassLib", "..\EntityClassLib\EntityClassLib.csproj", "{FF1B2F98-7426-4D6F-964F-F72C16C0B553}"
EndProject
Global
	GlobalSection(SolutionConfigurationPlatforms) = preSolution
		Debug|Any CPU = Debug|Any CPU
		Release|Any CPU = Release|Any CPU
	EndGlobalSection
	GlobalSection(ProjectConfigurationPlatforms) = postSolution
		{3A32EFBB-90E5-4B35-86C6-47F92A1FE5A5}.Debug|Any CPU.ActiveCfg = Debug|Any CPU
		{3A32EFBB-90E5-4B35-86C6-47F92A1FE5A5}.Debug|Any CPU.Build.0 = Debug|Any CPU
		{3A32EFBB-90E5-4B35-86C6-47F92A1FE5A5}.Release|Any CPU.ActiveCfg = Release|Any CPU
		{3A32EFBB-90E5-4B35-86C6-47F92A1FE5A5}.Release|Any CPU.Build.0 = Release|Any CPU
		{95FBD28C-FF8A-4874-BA68-E202BB18C806}.Debug|Any CPU.ActiveCfg = Debug|Any CPU
		{95FBD28C-FF8A-4874-BA68-E202BB18C806}.Debug|Any CPU.Build.0 = Debug|Any CPU
		{95FBD28C-FF8A-4874-BA68-E202BB18C806}.Release|Any CPU.ActiveCfg = Release|Any CPU
		{95FBD28C-FF8A-4874-BA68-E202BB18C806}.Release|Any CPU.Build.0 = Release|Any CPU
		{7588FDFE-7610-4159-96BD-6B24F585E2B2}.Debug|Any CPU.ActiveCfg = Debug|Any CPU
		{7588FDFE-7610-4159-96BD-6B24F585E2B2}.Debug|Any CPU.Build.0 = Debug|Any CPU
		{7588FDFE-7610-4159-96BD-6B24F585E2B2}.Release|Any CPU.ActiveCfg = Release|Any CPU
		{7588FDFE-7610-4159-96BD-6B24F585E2B2}.Release|Any CPU.Build.0 = Release|Any CPU
		{3A5E48C4-AC7D-4F00-9388-D76760D7529C}.Debug|Any CPU.ActiveCfg = Debug|Any CPU
		{3A5E48C4-AC7D-4F00-9388-D76760D7529C}.Debug|Any CPU.Build.0 = Debug|Any CPU
		{3A5E48C4-AC7D-4F00-9388-D76760D7529C}.Release|Any CPU.ActiveCfg = Release|Any CPU
		{3A5E48C4-AC7D-4F00-9388-D76760D7529C}.Release|Any CPU.Build.0 = Release|Any CPU
		{FF1B2F98-7426-4D6F-964F-F72C16C0B553}.Debug|Any CPU.ActiveCfg = Debug|Any CPU
		{FF1B2F98-7426-4D6F-964F-F72C16C0B553}.Debug|Any CPU.Build.0 = Debug|Any CPU
		{FF1B2F98-7426-4D6F-964F-F72C16C0B553}.Release|Any CPU.ActiveCfg = Release|Any CPU
		{FF1B2F98-7426-4D6F-964F-F72C16C0B553}.Release|Any CPU.Build.0 = Release|Any CPU
	EndGlobalSection
	GlobalSection(SolutionProperties) = preSolution
		HideSolutionNode = FALSE
	EndGlobalSection
	GlobalSection(ExtensibilityGlobals) = postSolution
		SolutionGuid = {A60FE403-835C-45C4-B81E-3A0967C735A5}
	EndGlobalSection
EndGlobal
